
Microsoft Visual Studio Solution File, Format Version 12.00
# Visual Studio 15
VisualStudioVersion = 15.0.27703.2026
MinimumVisualStudioVersion = 10.0.40219.1
Project("{FAE04EC0-301F-11D3-BF4B-00C04F79EFBC}") = "Zadacha", "Zadacha\Zadacha.csproj", "{612FFCAC-E9E8-437E-9553-5B68ECED6A5F}"
EndProject
Global
	GlobalSection(SolutionConfigurationPlatforms) = preSolution
		Debug|Any CPU = Debug|Any CPU
		Release|Any CPU = Release|Any CPU
	EndGlobalSection
	GlobalSection(ProjectConfigurationPlatforms) = postSolution
		{612FFCAC-E9E8-437E-9553-5B68ECED6A5F}.Debug|Any CPU.ActiveCfg = Debug|Any CPU
		{612FFCAC-E9E8-437E-9553-5B68ECED6A5F}.Debug|Any CPU.Build.0 = Debug|Any CPU
		{612FFCAC-E9E8-437E-9553-5B68ECED6A5F}.Release|Any CPU.ActiveCfg = Release|Any CPU
		{612FFCAC-E9E8-437E-9553-5B68ECED6A5F}.Release|Any CPU.Build.0 = Release|Any CPU
	EndGlobalSection
	GlobalSection(SolutionProperties) = preSolution
		HideSolutionNode = FALSE
	EndGlobalSection
	GlobalSection(ExtensibilityGlobals) = postSolution
		SolutionGuid = {70949510-7764-4575-955C-2FA561460CC6}
	EndGlobalSection
EndGlobal
